// !$*UTF8*$!
{
	archiveVersion = 1;
	classes = {
	};
	objectVersion = 50;
	objects = {

/* Begin PBXBuildFile section */
		C53B70C825116D010065BFC3 /* AppDelegate.swift in Sources */ = {isa = PBXBuildFile; fileRef = C53B70C725116D010065BFC3 /* AppDelegate.swift */; };
		C53B70CA25116D010065BFC3 /* SceneDelegate.swift in Sources */ = {isa = PBXBuildFile; fileRef = C53B70C925116D010065BFC3 /* SceneDelegate.swift */; };
		C53B70CC25116D010065BFC3 /* ContentView.swift in Sources */ = {isa = PBXBuildFile; fileRef = C53B70CB25116D010065BFC3 /* ContentView.swift */; };
		C53B70CE25116D030065BFC3 /* Assets.xcassets in Resources */ = {isa = PBXBuildFile; fileRef = C53B70CD25116D030065BFC3 /* Assets.xcassets */; };
		C53B70D125116D030065BFC3 /* Preview Assets.xcassets in Resources */ = {isa = PBXBuildFile; fileRef = C53B70D025116D030065BFC3 /* Preview Assets.xcassets */; };
		C53B70D425116D030065BFC3 /* LaunchScreen.storyboard in Resources */ = {isa = PBXBuildFile; fileRef = C53B70D225116D030065BFC3 /* LaunchScreen.storyboard */; };
		C53B70DD251179D40065BFC3 /* NetworkManager.swift in Sources */ = {isa = PBXBuildFile; fileRef = C53B70DC251179D40065BFC3 /* NetworkManager.swift */; };
		C53B70DF25117DF80065BFC3 /* PostData.swift in Sources */ = {isa = PBXBuildFile; fileRef = C53B70DE25117DF80065BFC3 /* PostData.swift */; };
		C53B70E225118CAD0065BFC3 /* DetailedView.swift in Sources */ = {isa = PBXBuildFile; fileRef = C53B70E125118CAC0065BFC3 /* DetailedView.swift */; };
		C53B70E4251192C20065BFC3 /* WebView.swift in Sources */ = {isa = PBXBuildFile; fileRef = C53B70E3251192C20065BFC3 /* WebView.swift */; };
/* End PBXBuildFile section */

/* Begin PBXFileReference section */
		C53B70C425116D010065BFC3 /* H4XOR.app */ = {isa = PBXFileReference; explicitFileType = wrapper.application; includeInIndex = 0; path = H4XOR.app; sourceTree = BUILT_PRODUCTS_DIR; };
		C53B70C725116D010065BFC3 /* AppDelegate.swift */ = {isa = PBXFileReference; lastKnownFileType = sourcecode.swift; path = AppDelegate.swift; sourceTree = "<group>"; };
		C53B70C925116D010065BFC3 /* SceneDelegate.swift */ = {isa = PBXFileReference; lastKnownFileType = sourcecode.swift; path = SceneDelegate.swift; sourceTree = "<group>"; };
		C53B70CB25116D010065BFC3 /* ContentView.swift */ = {isa = PBXFileReference; lastKnownFileType = sourcecode.swift; path = ContentView.swift; sourceTree = "<group>"; };
		C53B70CD25116D030065BFC3 /* Assets.xcassets */ = {isa = PBXFileReference; lastKnownFileType = folder.assetcatalog; path = Assets.xcassets; sourceTree = "<group>"; };
		C53B70D025116D030065BFC3 /* Preview Assets.xcassets */ = {isa = PBXFileReference; lastKnownFileType = folder.assetcatalog; path = "Preview Assets.xcassets"; sourceTree = "<group>"; };
		C53B70D325116D030065BFC3 /* Base */ = {isa = PBXFileReference; lastKnownFileType = file.storyboard; name = Base; path = Base.lproj/LaunchScreen.storyboard; sourceTree = "<group>"; };
		C53B70D525116D030065BFC3 /* Info.plist */ = {isa = PBXFileReference; lastKnownFileType = text.plist.xml; path = Info.plist; sourceTree = "<group>"; };
		C53B70DC251179D40065BFC3 /* NetworkManager.swift */ = {isa = PBXFileReference; lastKnownFileType = sourcecode.swift; path = NetworkManager.swift; sourceTree = "<group>"; };
		C53B70DE25117DF80065BFC3 /* PostData.swift */ = {isa = PBXFileReference; lastKnownFileType = sourcecode.swift; path = PostData.swift; sourceTree = "<group>"; };
		C53B70E125118CAC0065BFC3 /* DetailedView.swift */ = {isa = PBXFileReference; lastKnownFileType = sourcecode.swift; path = DetailedView.swift; sourceTree = "<group>"; };
		C53B70E3251192C20065BFC3 /* WebView.swift */ = {isa = PBXFileReference; lastKnownFileType = sourcecode.swift; path = WebView.swift; sourceTree = "<group>"; };
/* End PBXFileReference section */

/* Begin PBXFrameworksBuildPhase section */
		C53B70C125116D010065BFC3 /* Frameworks */ = {
			isa = PBXFrameworksBuildPhase;
			buildActionMask = 2147483647;
			files = (
			);
			runOnlyForDeploymentPostprocessing = 0;
		};
/* End PBXFrameworksBuildPhase section */

/* Begin PBXGroup section */
		C53B70BB25116D010065BFC3 = {
			isa = PBXGroup;
			children = (
				C53B70C625116D010065BFC3 /* H4XOR */,
				C53B70C525116D010065BFC3 /* Products */,
			);
			sourceTree = "<group>";
		};
		C53B70C525116D010065BFC3 /* Products */ = {
			isa = PBXGroup;
			children = (
				C53B70C425116D010065BFC3 /* H4XOR.app */,
			);
			name = Products;
			sourceTree = "<group>";
		};
		C53B70C625116D010065BFC3 /* H4XOR */ = {
			isa = PBXGroup;
			children = (
				C53B70C725116D010065BFC3 /* AppDelegate.swift */,
				C53B70C925116D010065BFC3 /* SceneDelegate.swift */,
				C53B70E025118C7F0065BFC3 /* Views */,
				C53B70CB25116D010065BFC3 /* ContentView.swift */,
				C53B70DB2511798D0065BFC3 /* Models */,
				C53B70CD25116D030065BFC3 /* Assets.xcassets */,
				C53B70D225116D030065BFC3 /* LaunchScreen.storyboard */,
				C53B70D525116D030065BFC3 /* Info.plist */,
				C53B70CF25116D030065BFC3 /* Preview Content */,
			);
			path = H4XOR;
			sourceTree = "<group>";
		};
		C53B70CF25116D030065BFC3 /* Preview Content */ = {
			isa = PBXGroup;
			children = (
				C53B70D025116D030065BFC3 /* Preview Assets.xcassets */,
			);
			path = "Preview Content";
			sourceTree = "<group>";
		};
		C53B70DB2511798D0065BFC3 /* Models */ = {
			isa = PBXGroup;
			children = (
				C53B70DC251179D40065BFC3 /* NetworkManager.swift */,
				C53B70DE25117DF80065BFC3 /* PostData.swift */,
			);
			path = Models;
			sourceTree = "<group>";
		};
		C53B70E025118C7F0065BFC3 /* Views */ = {
			isa = PBXGroup;
			children = (
				C53B70E125118CAC0065BFC3 /* DetailedView.swift */,
				C53B70E3251192C20065BFC3 /* WebView.swift */,
			);
			path = Views;
			sourceTree = "<group>";
		};
/* End PBXGroup section */

/* Begin PBXNativeTarget section */
		C53B70C325116D010065BFC3 /* H4XOR */ = {
			isa = PBXNativeTarget;
			buildConfigurationList = C53B70D825116D030065BFC3 /* Build configuration list for PBXNativeTarget "H4XOR" */;
			buildPhases = (
				C53B70C025116D010065BFC3 /* Sources */,
				C53B70C125116D010065BFC3 /* Frameworks */,
				C53B70C225116D010065BFC3 /* Resources */,
			);
			buildRules = (
			);
			dependencies = (
			);
			name = H4XOR;
			productName = H4XOR;
			productReference = C53B70C425116D010065BFC3 /* H4XOR.app */;
			productType = "com.apple.product-type.application";
		};
/* End PBXNativeTarget section */

/* Begin PBXProject section */
		C53B70BC25116D010065BFC3 /* Project object */ = {
			isa = PBXProject;
			attributes = {
				LastSwiftUpdateCheck = 1150;
				LastUpgradeCheck = 1150;
				ORGANIZATIONNAME = "Jahan Miah";
				TargetAttributes = {
					C53B70C325116D010065BFC3 = {
						CreatedOnToolsVersion = 11.5;
					};
				};
			};
			buildConfigurationList = C53B70BF25116D010065BFC3 /* Build configuration list for PBXProject "H4XOR" */;
			compatibilityVersion = "Xcode 9.3";
			developmentRegion = en;
			hasScannedForEncodings = 0;
			knownRegions = (
				en,
				Base,
			);
			mainGroup = C53B70BB25116D010065BFC3;
			productRefGroup = C53B70C525116D010065BFC3 /* Products */;
			projectDirPath = "";
			projectRoot = "";
			targets = (
				C53B70C325116D010065BFC3 /* H4XOR */,
			);
		};
/* End PBXProject section */

/* Begin PBXResourcesBuildPhase section */
		C53B70C225116D010065BFC3 /* Resources */ = {
			isa = PBXResourcesBuildPhase;
			buildActionMask = 2147483647;
			files = (
				C53B70D425116D030065BFC3 /* LaunchScreen.storyboard in Resources */,
				C53B70D125116D030065BFC3 /* Preview Assets.xcassets in Resources */,
				C53B70CE25116D030065BFC3 /* Assets.xcassets in Resources */,
			);
			runOnlyForDeploymentPostprocessing = 0;
		};
/* End PBXResourcesBuildPhase section */

/* Begin PBXSourcesBuildPhase section */
		C53B70C025116D010065BFC3 /* Sources */ = {
			isa = PBXSourcesBuildPhase;
			buildActionMask = 2147483647;
			files = (
				C53B70DF25117DF80065BFC3 /* PostData.swift in Sources */,
				C53B70DD251179D40065BFC3 /* NetworkManager.swift in Sources */,
				C53B70C825116D010065BFC3 /* AppDelegate.swift in Sources */,
				C53B70CA25116D010065BFC3 /* SceneDelegate.swift in Sources */,
				C53B70E225118CAD0065BFC3 /* DetailedView.swift in Sources */,
				C53B70CC25116D010065BFC3 /* ContentView.swift in Sources */,
				C53B70E4251192C20065BFC3 /* WebView.swift in Sources */,
			);
			runOnlyForDeploymentPostprocessing = 0;
		};
/* End PBXSourcesBuildPhase section */

/* Begin PBXVariantGroup section */
		C53B70D225116D030065BFC3 /* LaunchScreen.storyboard */ = {
			isa = PBXVariantGroup;
			children = (
				C53B70D325116D030065BFC3 /* Base */,
			);
			name = LaunchScreen.storyboard;
			sourceTree = "<group>";
		};
/* End PBXVariantGroup section */

/* Begin XCBuildConfiguration section */
		C53B70D625116D030065BFC3 /* Debug */ = {
			isa = XCBuildConfiguration;
			buildSettings = {
				ALWAYS_SEARCH_USER_PATHS = NO;
				CLANG_ANALYZER_NONNULL = YES;
				CLANG_ANALYZER_NUMBER_OBJECT_CONVERSION = YES_AGGRESSIVE;
				CLANG_CXX_LANGUAGE_STANDARD = "gnu++14";
				CLANG_CXX_LIBRARY = "libc++";
				CLANG_ENABLE_MODULES = YES;
				CLANG_ENABLE_OBJC_ARC = YES;
				CLANG_ENABLE_OBJC_WEAK = YES;
				CLANG_WARN_BLOCK_CAPTURE_AUTORELEASING = YES;
				CLANG_WARN_BOOL_CONVERSION = YES;
				CLANG_WARN_COMMA = YES;
				CLANG_WARN_CONSTANT_CONVERSION = YES;
				CLANG_WARN_DEPRECATED_OBJC_IMPLEMENTATIONS = YES;
				CLANG_WARN_DIRECT_OBJC_ISA_USAGE = YES_ERROR;
				CLANG_WARN_DOCUMENTATION_COMMENTS = YES;
				CLANG_WARN_EMPTY_BODY = YES;
				CLANG_WARN_ENUM_CONVERSION = YES;
				CLANG_WARN_INFINITE_RECURSION = YES;
				CLANG_WARN_INT_CONVERSION = YES;
				CLANG_WARN_NON_LITERAL_NULL_CONVERSION = YES;
				CLANG_WARN_OBJC_IMPLICIT_RETAIN_SELF = YES;
				CLANG_WARN_OBJC_LITERAL_CONVERSION = YES;
				CLANG_WARN_OBJC_ROOT_CLASS = YES_ERROR;
				CLANG_WARN_RANGE_LOOP_ANALYSIS = YES;
				CLANG_WARN_STRICT_PROTOTYPES = YES;
				CLANG_WARN_SUSPICIOUS_MOVE = YES;
				CLANG_WARN_UNGUARDED_AVAILABILITY = YES_AGGRESSIVE;
				CLANG_WARN_UNREACHABLE_CODE = YES;
				CLANG_WARN__DUPLICATE_METHOD_MATCH = YES;
				COPY_PHASE_STRIP = NO;
				DEBUG_INFORMATION_FORMAT = dwarf;
				ENABLE_STRICT_OBJC_MSGSEND = YES;
				ENABLE_TESTABILITY = YES;
				GCC_C_LANGUAGE_STANDARD = gnu11;
				GCC_DYNAMIC_NO_PIC = NO;
				GCC_NO_COMMON_BLOCKS = YES;
				GCC_OPTIMIZATION_LEVEL = 0;
				GCC_PREPROCESSOR_DEFINITIONS = (
					"DEBUG=1",
					"$(inherited)",
				);
				GCC_WARN_64_TO_32_BIT_CONVERSION = YES;
				GCC_WARN_ABOUT_RETURN_TYPE = YES_ERROR;
				GCC_WARN_UNDECLARED_SELECTOR = YES;
				GCC_WARN_UNINITIALIZED_AUTOS = YES_AGGRESSIVE;
				GCC_WARN_UNUSED_FUNCTION = YES;
				GCC_WARN_UNUSED_VARIABLE = YES;
				IPHONEOS_DEPLOYMENT_TARGET = 13.5;
				MTL_ENABLE_DEBUG_INFO = INCLUDE_SOURCE;
				MTL_FAST_MATH = YES;
				ONLY_ACTIVE_ARCH = YES;
				SDKROOT = iphoneos;
				SWIFT_ACTIVE_COMPILATION_CONDITIONS = DEBUG;
				SWIFT_OPTIMIZATION_LEVEL = "-Onone";
			};
			name = Debug;
		};
		C53B70D725116D030065BFC3 /* Release */ = {
			isa = XCBuildConfiguration;
			buildSettings = {
				ALWAYS_SEARCH_USER_PATHS = NO;
				CLANG_ANALYZER_NONNULL = YES;
				CLANG_ANALYZER_NUMBER_OBJECT_CONVERSION = YES_AGGRESSIVE;
				CLANG_CXX_LANGUAGE_STANDARD = "gnu++14";
				CLANG_CXX_LIBRARY = "libc++";
				CLANG_ENABLE_MODULES = YES;
				CLANG_ENABLE_OBJC_ARC = YES;
				CLANG_ENABLE_OBJC_WEAK = YES;
				CLANG_WARN_BLOCK_CAPTURE_AUTORELEASING = YES;
				CLANG_WARN_BOOL_CONVERSION = YES;
				CLANG_WARN_COMMA = YES;
				CLANG_WARN_CONSTANT_CONVERSION = YES;
				CLANG_WARN_DEPRECATED_OBJC_IMPLEMENTATIONS = YES;
				CLANG_WARN_DIRECT_OBJC_ISA_USAGE = YES_ERROR;
				CLANG_WARN_DOCUMENTATION_COMMENTS = YES;
				CLANG_WARN_EMPTY_BODY = YES;
				CLANG_WARN_ENUM_CONVERSION = YES;
				CLANG_WARN_INFINITE_RECURSION = YES;
				CLANG_WARN_INT_CONVERSION = YES;
				CLANG_WARN_NON_LITERAL_NULL_CONVERSION = YES;
				CLANG_WARN_OBJC_IMPLICIT_RETAIN_SELF = YES;
				CLANG_WARN_OBJC_LITERAL_CONVERSION = YES;
				CLANG_WARN_OBJC_ROOT_CLASS = YES_ERROR;
				CLANG_WARN_RANGE_LOOP_ANALYSIS = YES;
				CLANG_WARN_STRICT_PROTOTYPES = YES;
				CLANG_WARN_SUSPICIOUS_MOVE = YES;
				CLANG_WARN_UNGUARDED_AVAILABILITY = YES_AGGRESSIVE;
				CLANG_WARN_UNREACHABLE_CODE = YES;
				CLANG_WARN__DUPLICATE_METHOD_MATCH = YES;
				COPY_PHASE_STRIP = NO;
				DEBUG_INFORMATION_FORMAT = "dwarf-with-dsym";
				ENABLE_NS_ASSERTIONS = NO;
				ENABLE_STRICT_OBJC_MSGSEND = YES;
				GCC_C_LANGUAGE_STANDARD = gnu11;
				GCC_NO_COMMON_BLOCKS = YES;
				GCC_WARN_64_TO_32_BIT_CONVERSION = YES;
				GCC_WARN_ABOUT_RETURN_TYPE = YES_ERROR;
				GCC_WARN_UNDECLARED_SELECTOR = YES;
				GCC_WARN_UNINITIALIZED_AUTOS = YES_AGGRESSIVE;
				GCC_WARN_UNUSED_FUNCTION = YES;
				GCC_WARN_UNUSED_VARIABLE = YES;
				IPHONEOS_DEPLOYMENT_TARGET = 13.5;
				MTL_ENABLE_DEBUG_INFO = NO;
				MTL_FAST_MATH = YES;
				SDKROOT = iphoneos;
				SWIFT_COMPILATION_MODE = wholemodule;
				SWIFT_OPTIMIZATION_LEVEL = "-O";
				VALIDATE_PRODUCT = YES;
			};
			name = Release;
		};
		C53B70D925116D030065BFC3 /* Debug */ = {
			isa = XCBuildConfiguration;
			buildSettings = {
				ASSETCATALOG_COMPILER_APPICON_NAME = AppIcon;
				CODE_SIGN_STYLE = Automatic;
				DEVELOPMENT_ASSET_PATHS = "\"H4XOR/Preview Content\"";
				DEVELOPMENT_TEAM = NA5YPRX3Z7;
				ENABLE_PREVIEWS = YES;
				INFOPLIST_FILE = H4XOR/Info.plist;
				LD_RUNPATH_SEARCH_PATHS = (
					"$(inherited)",
					"@executable_path/Frameworks",
				);
				PRODUCT_BUNDLE_IDENTIFIER = com.Jahan.H4XOR;
				PRODUCT_NAME = "$(TARGET_NAME)";
				SWIFT_VERSION = 5.0;
				TARGETED_DEVICE_FAMILY = "1,2";
			};
			name = Debug;
		};
		C53B70DA25116D030065BFC3 /* Release */ = {
			isa = XCBuildConfiguration;
			buildSettings = {
				ASSETCATALOG_COMPILER_APPICON_NAME = AppIcon;
				CODE_SIGN_STYLE = Automatic;
				DEVELOPMENT_ASSET_PATHS = "\"H4XOR/Preview Content\"";
				DEVELOPMENT_TEAM = NA5YPRX3Z7;
				ENABLE_PREVIEWS = YES;
				INFOPLIST_FILE = H4XOR/Info.plist;
				LD_RUNPATH_SEARCH_PATHS = (
					"$(inherited)",
					"@executable_path/Frameworks",
				);
				PRODUCT_BUNDLE_IDENTIFIER = com.Jahan.H4XOR;
				PRODUCT_NAME = "$(TARGET_NAME)";
				SWIFT_VERSION = 5.0;
				TARGETED_DEVICE_FAMILY = "1,2";
			};
			name = Release;
		};
/* End XCBuildConfiguration section */

/* Begin XCConfigurationList section */
		C53B70BF25116D010065BFC3 /* Build configuration list for PBXProject "H4XOR" */ = {
			isa = XCConfigurationList;
			buildConfigurations = (
				C53B70D625116D030065BFC3 /* Debug */,
				C53B70D725116D030065BFC3 /* Release */,
			);
			defaultConfigurationIsVisible = 0;
			defaultConfigurationName = Release;
		};
		C53B70D825116D030065BFC3 /* Build configuration list for PBXNativeTarget "H4XOR" */ = {
			isa = XCConfigurationList;
			buildConfigurations = (
				C53B70D925116D030065BFC3 /* Debug */,
				C53B70DA25116D030065BFC3 /* Release */,
			);
			defaultConfigurationIsVisible = 0;
			defaultConfigurationName = Release;
		};
/* End XCConfigurationList section */
	};
	rootObject = C53B70BC25116D010065BFC3 /* Project object */;
}
